
Microsoft Visual Studio Solution File, Format Version 12.00
# Visual Studio Version 17
VisualStudioVersion = 17.0.31903.59
MinimumVisualStudioVersion = 10.0.40219.1
Project("{9A19103F-16F7-4668-BE54-9A1E7A4F7556}") = "suris.api", "suris.api.csproj", "{9C71B262-800A-4A53-9D08-C3826DAAEA8A}"
EndProject
Global
	GlobalSection(SolutionConfigurationPlatforms) = preSolution
		Debug|Any CPU = Debug|Any CPU
		Release|Any CPU = Release|Any CPU
	EndGlobalSection
	GlobalSection(ProjectConfigurationPlatforms) = postSolution
		{9C71B262-800A-4A53-9D08-C3826DAAEA8A}.Debug|Any CPU.ActiveCfg = Debug|Any CPU
		{9C71B262-800A-4A53-9D08-C3826DAAEA8A}.Debug|Any CPU.Build.0 = Debug|Any CPU
		{9C71B262-800A-4A53-9D08-C3826DAAEA8A}.Release|Any CPU.ActiveCfg = Release|Any CPU
		{9C71B262-800A-4A53-9D08-C3826DAAEA8A}.Release|Any CPU.Build.0 = Release|Any CPU
	EndGlobalSection
	GlobalSection(SolutionProperties) = preSolution
		HideSolutionNode = FALSE
	EndGlobalSection
	GlobalSection(ExtensibilityGlobals) = postSolution
		SolutionGuid = {ACEB3E61-6802-479D-ACF0-8536BB3B0E10}
	EndGlobalSection
EndGlobal
